
Microsoft Visual Studio Solution File, Format Version 12.00
# Visual Studio Version 16
VisualStudioVersion = 16.0.32228.343
MinimumVisualStudioVersion = 10.0.40219.1
Project("{2150E333-8FDC-42A3-9474-1A3956D46DE8}") = "Chapter02", "Chapter02", "{E3FAE5BF-7329-4A23-89B6-DDADF6B5742B}"
EndProject
Project("{FAE04EC0-301F-11D3-BF4B-00C04F79EFBC}") = "DistanceConverter", "Chapter02\DistanceConverter\DistanceConverter.csproj", "{6C4772EC-606B-4F1A-8E61-208DB4F098A2}"
EndProject
Project("{FAE04EC0-301F-11D3-BF4B-00C04F79EFBC}") = "SalesCalculator", "Chapter02\SalesCalculator\SalesCalculator.csproj", "{ED41A8DE-15F6-44A7-995C-B94D1831EE21}"
EndProject
Project("{FAE04EC0-301F-11D3-BF4B-00C04F79EFBC}") = "Exercise", "Chapter02\Exercise\Exercise.csproj", "{C47CD260-0F35-41F9-83BB-1E936218D2CC}"
EndProject
Project("{FAE04EC0-301F-11D3-BF4B-00C04F79EFBC}") = "Exercise02", "Chapter02\Exercise02\Exercise02.csproj", "{9973A3DF-487B-4022-AC85-E37FC509D8BA}"
EndProject
Project("{FAE04EC0-301F-11D3-BF4B-00C04F79EFBC}") = "Exercise03", "Chapter02\Exercise03\Exercise03.csproj", "{2DA93034-2C22-44E9-AC2A-8EF4AB66D3F6}"
EndProject
Project("{2150E333-8FDC-42A3-9474-1A3956D46DE8}") = "Chapter03", "Chapter03", "{2EFD1F7D-9A55-419E-BD43-0CFBA05F5A4F}"
EndProject
Project("{FAE04EC0-301F-11D3-BF4B-00C04F79EFBC}") = "Section01", "Chapter03\Section01\Section01.csproj", "{9D2916E1-C174-497C-8411-548677867D99}"
EndProject
Project("{FAE04EC0-301F-11D3-BF4B-00C04F79EFBC}") = "Exercise01", "Chapter03\Exercise01\Exercise01.csproj", "{7D2BBDB3-EC90-4343-9BF9-82D567391BB7}"
EndProject
Global
	GlobalSection(SolutionConfigurationPlatforms) = preSolution
		Debug|Any CPU = Debug|Any CPU
		Release|Any CPU = Release|Any CPU
	EndGlobalSection
	GlobalSection(ProjectConfigurationPlatforms) = postSolution
		{6C4772EC-606B-4F1A-8E61-208DB4F098A2}.Debug|Any CPU.ActiveCfg = Debug|Any CPU
		{6C4772EC-606B-4F1A-8E61-208DB4F098A2}.Debug|Any CPU.Build.0 = Debug|Any CPU
		{6C4772EC-606B-4F1A-8E61-208DB4F098A2}.Release|Any CPU.ActiveCfg = Release|Any CPU
		{6C4772EC-606B-4F1A-8E61-208DB4F098A2}.Release|Any CPU.Build.0 = Release|Any CPU
		{ED41A8DE-15F6-44A7-995C-B94D1831EE21}.Debug|Any CPU.ActiveCfg = Debug|Any CPU
		{ED41A8DE-15F6-44A7-995C-B94D1831EE21}.Debug|Any CPU.Build.0 = Debug|Any CPU
		{ED41A8DE-15F6-44A7-995C-B94D1831EE21}.Release|Any CPU.ActiveCfg = Release|Any CPU
		{ED41A8DE-15F6-44A7-995C-B94D1831EE21}.Release|Any CPU.Build.0 = Release|Any CPU
		{C47CD260-0F35-41F9-83BB-1E936218D2CC}.Debug|Any CPU.ActiveCfg = Debug|Any CPU
		{C47CD260-0F35-41F9-83BB-1E936218D2CC}.Debug|Any CPU.Build.0 = Debug|Any CPU
		{C47CD260-0F35-41F9-83BB-1E936218D2CC}.Release|Any CPU.ActiveCfg = Release|Any CPU
		{C47CD260-0F35-41F9-83BB-1E936218D2CC}.Release|Any CPU.Build.0 = Release|Any CPU
		{9973A3DF-487B-4022-AC85-E37FC509D8BA}.Debug|Any CPU.ActiveCfg = Debug|Any CPU
		{9973A3DF-487B-4022-AC85-E37FC509D8BA}.Debug|Any CPU.Build.0 = Debug|Any CPU
		{9973A3DF-487B-4022-AC85-E37FC509D8BA}.Release|Any CPU.ActiveCfg = Release|Any CPU
		{9973A3DF-487B-4022-AC85-E37FC509D8BA}.Release|Any CPU.Build.0 = Release|Any CPU
		{2DA93034-2C22-44E9-AC2A-8EF4AB66D3F6}.Debug|Any CPU.ActiveCfg = Debug|Any CPU
		{2DA93034-2C22-44E9-AC2A-8EF4AB66D3F6}.Debug|Any CPU.Build.0 = Debug|Any CPU
		{2DA93034-2C22-44E9-AC2A-8EF4AB66D3F6}.Release|Any CPU.ActiveCfg = Release|Any CPU
		{2DA93034-2C22-44E9-AC2A-8EF4AB66D3F6}.Release|Any CPU.Build.0 = Release|Any CPU
		{9D2916E1-C174-497C-8411-548677867D99}.Debug|Any CPU.ActiveCfg = Debug|Any CPU
		{9D2916E1-C174-497C-8411-548677867D99}.Debug|Any CPU.Build.0 = Debug|Any CPU
		{9D2916E1-C174-497C-8411-548677867D99}.Release|Any CPU.ActiveCfg = Release|Any CPU
		{9D2916E1-C174-497C-8411-548677867D99}.Release|Any CPU.Build.0 = Release|Any CPU
		{7D2BBDB3-EC90-4343-9BF9-82D567391BB7}.Debug|Any CPU.ActiveCfg = Debug|Any CPU
		{7D2BBDB3-EC90-4343-9BF9-82D567391BB7}.Debug|Any CPU.Build.0 = Debug|Any CPU
		{7D2BBDB3-EC90-4343-9BF9-82D567391BB7}.Release|Any CPU.ActiveCfg = Release|Any CPU
		{7D2BBDB3-EC90-4343-9BF9-82D567391BB7}.Release|Any CPU.Build.0 = Release|Any CPU
	EndGlobalSection
	GlobalSection(SolutionProperties) = preSolution
		HideSolutionNode = FALSE
	EndGlobalSection
	GlobalSection(NestedProjects) = preSolution
		{6C4772EC-606B-4F1A-8E61-208DB4F098A2} = {E3FAE5BF-7329-4A23-89B6-DDADF6B5742B}
		{ED41A8DE-15F6-44A7-995C-B94D1831EE21} = {E3FAE5BF-7329-4A23-89B6-DDADF6B5742B}
		{C47CD260-0F35-41F9-83BB-1E936218D2CC} = {E3FAE5BF-7329-4A23-89B6-DDADF6B5742B}
		{9973A3DF-487B-4022-AC85-E37FC509D8BA} = {E3FAE5BF-7329-4A23-89B6-DDADF6B5742B}
		{2DA93034-2C22-44E9-AC2A-8EF4AB66D3F6} = {E3FAE5BF-7329-4A23-89B6-DDADF6B5742B}
		{9D2916E1-C174-497C-8411-548677867D99} = {2EFD1F7D-9A55-419E-BD43-0CFBA05F5A4F}
		{7D2BBDB3-EC90-4343-9BF9-82D567391BB7} = {2EFD1F7D-9A55-419E-BD43-0CFBA05F5A4F}
	EndGlobalSection
	GlobalSection(ExtensibilityGlobals) = postSolution
		SolutionGuid = {4BECCF9E-7BC8-4027-B248-BA2A13900522}
	EndGlobalSection
EndGlobal
