
Microsoft Visual Studio Solution File, Format Version 12.00
# Visual Studio Version 16
VisualStudioVersion = 16.0.32228.343
MinimumVisualStudioVersion = 10.0.40219.1
Project("{2150E333-8FDC-42A3-9474-1A3956D46DE8}") = "Chapter02", "Chapter02", "{E3FAE5BF-7329-4A23-89B6-DDADF6B5742B}"
EndProject
Project("{FAE04EC0-301F-11D3-BF4B-00C04F79EFBC}") = "DistanceConverter", "Chapter02\DistanceConverter\DistanceConverter.csproj", "{6C4772EC-606B-4F1A-8E61-208DB4F098A2}"
EndProject
Project("{FAE04EC0-301F-11D3-BF4B-00C04F79EFBC}") = "SalesCalculator", "Chapter02\SalesCalculator\SalesCalculator.csproj", "{ED41A8DE-15F6-44A7-995C-B94D1831EE21}"
EndProject
Project("{FAE04EC0-301F-11D3-BF4B-00C04F79EFBC}") = "Exercise", "Chapter02\Exercise\Exercise.csproj", "{C47CD260-0F35-41F9-83BB-1E936218D2CC}"
EndProject
Project("{FAE04EC0-301F-11D3-BF4B-00C04F79EFBC}") = "Exercise02", "Chapter02\Exercise02\Exercise02.csproj", "{9973A3DF-487B-4022-AC85-E37FC509D8BA}"
EndProject
Project("{FAE04EC0-301F-11D3-BF4B-00C04F79EFBC}") = "Exercise03", "Chapter02\Exercise03\Exercise03.csproj", "{2DA93034-2C22-44E9-AC2A-8EF4AB66D3F6}"
EndProject
Project("{2150E333-8FDC-42A3-9474-1A3956D46DE8}") = "Chapter03", "Chapter03", "{2EFD1F7D-9A55-419E-BD43-0CFBA05F5A4F}"
EndProject
Project("{FAE04EC0-301F-11D3-BF4B-00C04F79EFBC}") = "Section01", "Chapter03\Section01\Section01.csproj", "{9D2916E1-C174-497C-8411-548677867D99}"
EndProject
Project("{FAE04EC0-301F-11D3-BF4B-00C04F79EFBC}") = "Exercise01", "Chapter03\Exercise01\Exercise01.csproj", "{7D2BBDB3-EC90-4343-9BF9-82D567391BB7}"
EndProject
Project("{FAE04EC0-301F-11D3-BF4B-00C04F79EFBC}") = "Section04", "Chapter03\Section04\Section04.csproj", "{8D1A881D-9202-482B-B4B4-259374ADCD49}"
EndProject
Project("{FAE04EC0-301F-11D3-BF4B-00C04F79EFBC}") = "Exercise02", "Chapter03\Exercise02\Exercise02.csproj", "{75AB8A7E-FDEB-47E9-B727-B93EF9E990A0}"
EndProject
Project("{2150E333-8FDC-42A3-9474-1A3956D46DE8}") = "Chapter04", "Chapter04", "{6C38FE5D-4623-4EC2-A5B4-844405FFC507}"
EndProject
Project("{FAE04EC0-301F-11D3-BF4B-00C04F79EFBC}") = "Exercise01", "Chapter04\Exercise01\Exercise01.csproj", "{29240FBF-E09F-42FC-BB29-75600A972D12}"
EndProject
Project("{FAE04EC0-301F-11D3-BF4B-00C04F79EFBC}") = "Exercise02", "Chapter04\Exercise02\Exercise02.csproj", "{7116FEF4-717F-4AB6-B1B7-F1B0AA96B701}"
EndProject
Project("{2150E333-8FDC-42A3-9474-1A3956D46DE8}") = "Chapter05", "Chapter05", "{BF53ABC5-8B73-4E4A-9181-871F8836A76B}"
EndProject
Project("{FAE04EC0-301F-11D3-BF4B-00C04F79EFBC}") = "Exercise01", "Chapter05\Exercise01\Exercise01.csproj", "{B75041A5-809C-408D-AD90-D971DA6BF5F7}"
EndProject
Project("{FAE04EC0-301F-11D3-BF4B-00C04F79EFBC}") = "Exercise02", "Chapter05\Exercise02\Exercise02.csproj", "{48204EEC-0CA2-454A-9F5E-3CBF65AECF61}"
EndProject
Project("{FAE04EC0-301F-11D3-BF4B-00C04F79EFBC}") = "Exercise03", "Chapter05\Exercise03\Exercise03.csproj", "{603DAF2F-FC33-4D92-B0CF-8A747A5CB8AE}"
EndProject
Project("{FAE04EC0-301F-11D3-BF4B-00C04F79EFBC}") = "Exercise04", "Chapter05\Exercise04\Exercise04.csproj", "{63227816-8616-42AC-8A2F-4930282F9FF0}"
EndProject
Project("{2150E333-8FDC-42A3-9474-1A3956D46DE8}") = "Chapter06", "Chapter06", "{630CBF7A-25BA-40A2-890E-EB9B9684A44D}"
EndProject
Project("{FAE04EC0-301F-11D3-BF4B-00C04F79EFBC}") = "Exercise01", "Chapter06\Exercise01\Exercise01.csproj", "{824C60DE-FCDF-436F-9D33-F16003D90DE7}"
EndProject
Project("{FAE04EC0-301F-11D3-BF4B-00C04F79EFBC}") = "Exercise02", "Chapter06\Exercise02\Exercise02.csproj", "{A9AFDBB1-B163-426D-AC7F-D4D28C44061F}"
EndProject
Project("{2150E333-8FDC-42A3-9474-1A3956D46DE8}") = "FormAppSample", "FormAppSample", "{BD8153FF-35BC-44FE-B3AF-54DCF89DD6C3}"
EndProject
Project("{FAE04EC0-301F-11D3-BF4B-00C04F79EFBC}") = "Sample0603", "FormAppSample\Sample0603\Sample0603.csproj", "{A58C04D1-4E32-499C-B926-1587F7953BA3}"
EndProject
Project("{FAE04EC0-301F-11D3-BF4B-00C04F79EFBC}") = "Sample0607", "FormAppSample\Sample0607\Sample0607.csproj", "{B94C4984-BEBE-428C-9592-885711A4312B}"
EndProject
Project("{FAE04EC0-301F-11D3-BF4B-00C04F79EFBC}") = "NumberGame", "FormAppSample\NumberGame\NumberGame.csproj", "{BD4CB537-EE9F-4A9C-AB20-AA07A84ADE81}"
EndProject
Project("{FAE04EC0-301F-11D3-BF4B-00C04F79EFBC}") = "AddressBook", "FormAppSample\AddressBook\AddressBook.csproj", "{8F4AC0B2-E985-455B-8727-56B3A4FE2870}"
EndProject
Project("{2150E333-8FDC-42A3-9474-1A3956D46DE8}") = "Test202206", "Test202206", "{A735098B-73D6-4D8C-AA08-E99FE85D97AD}"
EndProject
Project("{FAE04EC0-301F-11D3-BF4B-00C04F79EFBC}") = "Test01", "Test202206\TestProject\Test01\Test01.csproj", "{2BFACDC3-F44D-4199-8498-F5C3C4AC0335}"
EndProject
Project("{FAE04EC0-301F-11D3-BF4B-00C04F79EFBC}") = "Test02", "Test202206\TestProject\Test02\Test02.csproj", "{E461C0A8-8900-485C-B520-E929BA33F712}"
EndProject
Project("{2150E333-8FDC-42A3-9474-1A3956D46DE8}") = "Chapter11", "Chapter11", "{F539572B-A84A-4B86-BF5F-EC89D26E482F}"
EndProject
Project("{FAE04EC0-301F-11D3-BF4B-00C04F79EFBC}") = "XmlSample", "Chapter11\XmlSample\XmlSample.csproj", "{128B4726-5C95-4991-A0FA-FE255A324698}"
EndProject
Project("{FAE04EC0-301F-11D3-BF4B-00C04F79EFBC}") = "RssReader", "Chapter11\RssReader\RssReader.csproj", "{DAD1CD1D-4119-4EF4-A634-00B68CEF3D82}"
EndProject
Project("{FAE04EC0-301F-11D3-BF4B-00C04F79EFBC}") = "Exercise1", "Chapter11\Exercise1\Exercise1.csproj", "{496EB70B-4097-4311-ABB8-ED60319AF646}"
EndProject
Project("{2150E333-8FDC-42A3-9474-1A3956D46DE8}") = "Chapter12", "Chapter12", "{E8717FBF-4763-4547-9C53-55C0C10C5486}"
EndProject
Project("{FAE04EC0-301F-11D3-BF4B-00C04F79EFBC}") = "Exercise01", "Chapter12\Exercise01\Exercise01.csproj", "{F2B4DCE3-245A-4DB4-8631-EFBBC9F43CF2}"
EndProject
Project("{FAE04EC0-301F-11D3-BF4B-00C04F79EFBC}") = "Section01", "Chapter12\Section01\Section01.csproj", "{9B8F4AEF-A84A-46ED-B572-34F34D23416E}"
EndProject
Project("{FAE04EC0-301F-11D3-BF4B-00C04F79EFBC}") = "Section02", "Chapter12\Section02\Section02.csproj", "{AEDEBAF3-DAC7-4DA4-B779-2DEA2D8FE11B}"
EndProject
Project("{FAE04EC0-301F-11D3-BF4B-00C04F79EFBC}") = "Exercise02", "Chapter12\Exercise02\Exercise02.csproj", "{42064A48-61BA-48B1-BCBA-0625220DC958}"
EndProject
Project("{2150E333-8FDC-42A3-9474-1A3956D46DE8}") = "CarReportSystem", "CarReportSystem", "{A7D54EDF-AFC2-4DB5-9C50-4546BD0D204D}"
EndProject
Project("{FAE04EC0-301F-11D3-BF4B-00C04F79EFBC}") = "CarReportSystem", "CarReportSystem\CarReportSystem\CarReportSystem.csproj", "{F086291B-4728-489B-BF45-220DED3DB983}"
EndProject
Project("{2150E333-8FDC-42A3-9474-1A3956D46DE8}") = "DesignPattern", "DesignPattern", "{EDD016E4-8058-4223-9D15-627773A95529}"
EndProject
Project("{FAE04EC0-301F-11D3-BF4B-00C04F79EFBC}") = "SingletonSample", "DesignPattern\SingletonSample\SingletonSample.csproj", "{889DB3BC-ECDE-4DBD-A615-D19684922B17}"
EndProject
Project("{2150E333-8FDC-42A3-9474-1A3956D46DE8}") = "Chapter17", "Chapter17", "{4A110A09-54E1-41F3-A95F-A35FFDE713AC}"
EndProject
Project("{FAE04EC0-301F-11D3-BF4B-00C04F79EFBC}") = "Section01", "Chapter17\Section01\Section01.csproj", "{988AE53C-09B6-45C2-A40F-2A200E663F98}"
EndProject
Project("{2150E333-8FDC-42A3-9474-1A3956D46DE8}") = "TemplateMethod", "TemplateMethod", "{1ABED492-7647-42F0-8A63-2FBA6F2F6BC3}"
EndProject
Project("{FAE04EC0-301F-11D3-BF4B-00C04F79EFBC}") = "TextFileProcessor", "Chapter17\TemplateMethod\TextFileProcessor\TextFileProcessor.csproj", "{208A8A7A-1809-4893-B777-83CCCD5931CE}"
EndProject
Project("{FAE04EC0-301F-11D3-BF4B-00C04F79EFBC}") = "LineCounter", "Chapter17\TemplateMethod\LineCounter\LineCounter.csproj", "{049082C5-F537-4F45-8E5C-08FE4EA69F86}"
EndProject
Project("{FAE04EC0-301F-11D3-BF4B-00C04F79EFBC}") = "Exercise1", "Chapter17\Exercise1\Exercise1\Exercise1.csproj", "{A8C763D5-B3D5-4684-B016-E888A48B111F}"
EndProject
Project("{2150E333-8FDC-42A3-9474-1A3956D46DE8}") = "Strategy", "Strategy", "{F61D57CA-2EA4-4E2B-B4DF-B54686FD8F71}"
EndProject
Project("{FAE04EC0-301F-11D3-BF4B-00C04F79EFBC}") = "DistanceConverter", "Chapter17\Strategy\DistanceConverter\DistanceConverter.csproj", "{7C7590F9-924F-4DAC-ACAE-85F35192FAF2}"
EndProject
Project("{2150E333-8FDC-42A3-9474-1A3956D46DE8}") = "ADONET", "ADONET", "{E7084868-E622-4146-AD83-37B4669B6F44}"
EndProject
Project("{2150E333-8FDC-42A3-9474-1A3956D46DE8}") = "Solution Items", "Solution Items", "{7159E164-4E71-4F78-A9F6-E03C7867DC5D}"
EndProject
Project("{FAE04EC0-301F-11D3-BF4B-00C04F79EFBC}") = "DataBaseSample", "ADONET\DataBaseSample\DataBaseSample.csproj", "{30A5D7D3-D6AE-4A6D-8A45-9C809292C68B}"
EndProject
Project("{FAE04EC0-301F-11D3-BF4B-00C04F79EFBC}") = "AddressBook", "ADONET\AddressBook\AddressBook.csproj", "{7520AC23-6A23-44EA-A6CC-874FB53C20E8}"
EndProject
Project("{2150E333-8FDC-42A3-9474-1A3956D46DE8}") = "Chapter13", "Chapter13", "{C618E771-F66C-4A4F-9275-0EFE2474D43E}"
EndProject
Project("{FAE04EC0-301F-11D3-BF4B-00C04F79EFBC}") = "SampleEntityFramework", "Chapter13\SampleEntityFramework\SampleEntityFramework.csproj", "{F3307CAC-2806-42D1-B4CF-E2FA1FC6B363}"
EndProject
Project("{2150E333-8FDC-42A3-9474-1A3956D46DE8}") = "Chapter15", "Chapter15", "{0A5F63EC-99A2-44DC-888B-1ECE1208E8C6}"
EndProject
Project("{FAE04EC0-301F-11D3-BF4B-00C04F79EFBC}") = "Chapter15", "Chapter15\Chapter15\Chapter15.csproj", "{472EF5A3-8F80-4F93-93E7-287B1F9A279C}"
EndProject
Project("{FAE04EC0-301F-11D3-BF4B-00C04F79EFBC}") = "Exercise1", "Chapter15\Exercise1\Exercise1.csproj", "{DF368864-E943-4CCA-BA03-7008FC665B38}"
EndProject
Project("{2150E333-8FDC-42A3-9474-1A3956D46DE8}") = "WPF", "WPF", "{E8C8DE2F-134E-450D-B69A-0751C94FB4E2}"
EndProject
Project("{FAE04EC0-301F-11D3-BF4B-00C04F79EFBC}") = "SampleApplication", "WPF\SampleApplication\SampleApplication.csproj", "{BCFF9F5C-0424-4640-9334-BD0C7417B850}"
EndProject
Project("{FAE04EC0-301F-11D3-BF4B-00C04F79EFBC}") = "NumberGame", "WPF\NumberGame\NumberGame.csproj", "{F7E5767E-62AD-497A-B6B1-64B882F9F212}"
EndProject
Global
	GlobalSection(SolutionConfigurationPlatforms) = preSolution
		Debug|Any CPU = Debug|Any CPU
		Release|Any CPU = Release|Any CPU
	EndGlobalSection
	GlobalSection(ProjectConfigurationPlatforms) = postSolution
		{6C4772EC-606B-4F1A-8E61-208DB4F098A2}.Debug|Any CPU.ActiveCfg = Debug|Any CPU
		{6C4772EC-606B-4F1A-8E61-208DB4F098A2}.Debug|Any CPU.Build.0 = Debug|Any CPU
		{6C4772EC-606B-4F1A-8E61-208DB4F098A2}.Release|Any CPU.ActiveCfg = Release|Any CPU
		{6C4772EC-606B-4F1A-8E61-208DB4F098A2}.Release|Any CPU.Build.0 = Release|Any CPU
		{ED41A8DE-15F6-44A7-995C-B94D1831EE21}.Debug|Any CPU.ActiveCfg = Debug|Any CPU
		{ED41A8DE-15F6-44A7-995C-B94D1831EE21}.Debug|Any CPU.Build.0 = Debug|Any CPU
		{ED41A8DE-15F6-44A7-995C-B94D1831EE21}.Release|Any CPU.ActiveCfg = Release|Any CPU
		{ED41A8DE-15F6-44A7-995C-B94D1831EE21}.Release|Any CPU.Build.0 = Release|Any CPU
		{C47CD260-0F35-41F9-83BB-1E936218D2CC}.Debug|Any CPU.ActiveCfg = Debug|Any CPU
		{C47CD260-0F35-41F9-83BB-1E936218D2CC}.Debug|Any CPU.Build.0 = Debug|Any CPU
		{C47CD260-0F35-41F9-83BB-1E936218D2CC}.Release|Any CPU.ActiveCfg = Release|Any CPU
		{C47CD260-0F35-41F9-83BB-1E936218D2CC}.Release|Any CPU.Build.0 = Release|Any CPU
		{9973A3DF-487B-4022-AC85-E37FC509D8BA}.Debug|Any CPU.ActiveCfg = Debug|Any CPU
		{9973A3DF-487B-4022-AC85-E37FC509D8BA}.Debug|Any CPU.Build.0 = Debug|Any CPU
		{9973A3DF-487B-4022-AC85-E37FC509D8BA}.Release|Any CPU.ActiveCfg = Release|Any CPU
		{9973A3DF-487B-4022-AC85-E37FC509D8BA}.Release|Any CPU.Build.0 = Release|Any CPU
		{2DA93034-2C22-44E9-AC2A-8EF4AB66D3F6}.Debug|Any CPU.ActiveCfg = Debug|Any CPU
		{2DA93034-2C22-44E9-AC2A-8EF4AB66D3F6}.Debug|Any CPU.Build.0 = Debug|Any CPU
		{2DA93034-2C22-44E9-AC2A-8EF4AB66D3F6}.Release|Any CPU.ActiveCfg = Release|Any CPU
		{2DA93034-2C22-44E9-AC2A-8EF4AB66D3F6}.Release|Any CPU.Build.0 = Release|Any CPU
		{9D2916E1-C174-497C-8411-548677867D99}.Debug|Any CPU.ActiveCfg = Debug|Any CPU
		{9D2916E1-C174-497C-8411-548677867D99}.Debug|Any CPU.Build.0 = Debug|Any CPU
		{9D2916E1-C174-497C-8411-548677867D99}.Release|Any CPU.ActiveCfg = Release|Any CPU
		{9D2916E1-C174-497C-8411-548677867D99}.Release|Any CPU.Build.0 = Release|Any CPU
		{7D2BBDB3-EC90-4343-9BF9-82D567391BB7}.Debug|Any CPU.ActiveCfg = Debug|Any CPU
		{7D2BBDB3-EC90-4343-9BF9-82D567391BB7}.Debug|Any CPU.Build.0 = Debug|Any CPU
		{7D2BBDB3-EC90-4343-9BF9-82D567391BB7}.Release|Any CPU.ActiveCfg = Release|Any CPU
		{7D2BBDB3-EC90-4343-9BF9-82D567391BB7}.Release|Any CPU.Build.0 = Release|Any CPU
		{8D1A881D-9202-482B-B4B4-259374ADCD49}.Debug|Any CPU.ActiveCfg = Debug|Any CPU
		{8D1A881D-9202-482B-B4B4-259374ADCD49}.Debug|Any CPU.Build.0 = Debug|Any CPU
		{8D1A881D-9202-482B-B4B4-259374ADCD49}.Release|Any CPU.ActiveCfg = Release|Any CPU
		{8D1A881D-9202-482B-B4B4-259374ADCD49}.Release|Any CPU.Build.0 = Release|Any CPU
		{75AB8A7E-FDEB-47E9-B727-B93EF9E990A0}.Debug|Any CPU.ActiveCfg = Debug|Any CPU
		{75AB8A7E-FDEB-47E9-B727-B93EF9E990A0}.Debug|Any CPU.Build.0 = Debug|Any CPU
		{75AB8A7E-FDEB-47E9-B727-B93EF9E990A0}.Release|Any CPU.ActiveCfg = Release|Any CPU
		{75AB8A7E-FDEB-47E9-B727-B93EF9E990A0}.Release|Any CPU.Build.0 = Release|Any CPU
		{29240FBF-E09F-42FC-BB29-75600A972D12}.Debug|Any CPU.ActiveCfg = Debug|Any CPU
		{29240FBF-E09F-42FC-BB29-75600A972D12}.Debug|Any CPU.Build.0 = Debug|Any CPU
		{29240FBF-E09F-42FC-BB29-75600A972D12}.Release|Any CPU.ActiveCfg = Release|Any CPU
		{29240FBF-E09F-42FC-BB29-75600A972D12}.Release|Any CPU.Build.0 = Release|Any CPU
		{7116FEF4-717F-4AB6-B1B7-F1B0AA96B701}.Debug|Any CPU.ActiveCfg = Debug|Any CPU
		{7116FEF4-717F-4AB6-B1B7-F1B0AA96B701}.Debug|Any CPU.Build.0 = Debug|Any CPU
		{7116FEF4-717F-4AB6-B1B7-F1B0AA96B701}.Release|Any CPU.ActiveCfg = Release|Any CPU
		{7116FEF4-717F-4AB6-B1B7-F1B0AA96B701}.Release|Any CPU.Build.0 = Release|Any CPU
		{B75041A5-809C-408D-AD90-D971DA6BF5F7}.Debug|Any CPU.ActiveCfg = Debug|Any CPU
		{B75041A5-809C-408D-AD90-D971DA6BF5F7}.Debug|Any CPU.Build.0 = Debug|Any CPU
		{B75041A5-809C-408D-AD90-D971DA6BF5F7}.Release|Any CPU.ActiveCfg = Release|Any CPU
		{B75041A5-809C-408D-AD90-D971DA6BF5F7}.Release|Any CPU.Build.0 = Release|Any CPU
		{48204EEC-0CA2-454A-9F5E-3CBF65AECF61}.Debug|Any CPU.ActiveCfg = Debug|Any CPU
		{48204EEC-0CA2-454A-9F5E-3CBF65AECF61}.Debug|Any CPU.Build.0 = Debug|Any CPU
		{48204EEC-0CA2-454A-9F5E-3CBF65AECF61}.Release|Any CPU.ActiveCfg = Release|Any CPU
		{48204EEC-0CA2-454A-9F5E-3CBF65AECF61}.Release|Any CPU.Build.0 = Release|Any CPU
		{603DAF2F-FC33-4D92-B0CF-8A747A5CB8AE}.Debug|Any CPU.ActiveCfg = Debug|Any CPU
		{603DAF2F-FC33-4D92-B0CF-8A747A5CB8AE}.Debug|Any CPU.Build.0 = Debug|Any CPU
		{603DAF2F-FC33-4D92-B0CF-8A747A5CB8AE}.Release|Any CPU.ActiveCfg = Release|Any CPU
		{603DAF2F-FC33-4D92-B0CF-8A747A5CB8AE}.Release|Any CPU.Build.0 = Release|Any CPU
		{63227816-8616-42AC-8A2F-4930282F9FF0}.Debug|Any CPU.ActiveCfg = Debug|Any CPU
		{63227816-8616-42AC-8A2F-4930282F9FF0}.Debug|Any CPU.Build.0 = Debug|Any CPU
		{63227816-8616-42AC-8A2F-4930282F9FF0}.Release|Any CPU.ActiveCfg = Release|Any CPU
		{63227816-8616-42AC-8A2F-4930282F9FF0}.Release|Any CPU.Build.0 = Release|Any CPU
		{824C60DE-FCDF-436F-9D33-F16003D90DE7}.Debug|Any CPU.ActiveCfg = Debug|Any CPU
		{824C60DE-FCDF-436F-9D33-F16003D90DE7}.Debug|Any CPU.Build.0 = Debug|Any CPU
		{824C60DE-FCDF-436F-9D33-F16003D90DE7}.Release|Any CPU.ActiveCfg = Release|Any CPU
		{824C60DE-FCDF-436F-9D33-F16003D90DE7}.Release|Any CPU.Build.0 = Release|Any CPU
		{A9AFDBB1-B163-426D-AC7F-D4D28C44061F}.Debug|Any CPU.ActiveCfg = Debug|Any CPU
		{A9AFDBB1-B163-426D-AC7F-D4D28C44061F}.Debug|Any CPU.Build.0 = Debug|Any CPU
		{A9AFDBB1-B163-426D-AC7F-D4D28C44061F}.Release|Any CPU.ActiveCfg = Release|Any CPU
		{A9AFDBB1-B163-426D-AC7F-D4D28C44061F}.Release|Any CPU.Build.0 = Release|Any CPU
		{A58C04D1-4E32-499C-B926-1587F7953BA3}.Debug|Any CPU.ActiveCfg = Debug|Any CPU
		{A58C04D1-4E32-499C-B926-1587F7953BA3}.Debug|Any CPU.Build.0 = Debug|Any CPU
		{A58C04D1-4E32-499C-B926-1587F7953BA3}.Release|Any CPU.ActiveCfg = Release|Any CPU
		{A58C04D1-4E32-499C-B926-1587F7953BA3}.Release|Any CPU.Build.0 = Release|Any CPU
		{B94C4984-BEBE-428C-9592-885711A4312B}.Debug|Any CPU.ActiveCfg = Debug|Any CPU
		{B94C4984-BEBE-428C-9592-885711A4312B}.Debug|Any CPU.Build.0 = Debug|Any CPU
		{B94C4984-BEBE-428C-9592-885711A4312B}.Release|Any CPU.ActiveCfg = Release|Any CPU
		{B94C4984-BEBE-428C-9592-885711A4312B}.Release|Any CPU.Build.0 = Release|Any CPU
		{BD4CB537-EE9F-4A9C-AB20-AA07A84ADE81}.Debug|Any CPU.ActiveCfg = Debug|Any CPU
		{BD4CB537-EE9F-4A9C-AB20-AA07A84ADE81}.Debug|Any CPU.Build.0 = Debug|Any CPU
		{BD4CB537-EE9F-4A9C-AB20-AA07A84ADE81}.Release|Any CPU.ActiveCfg = Release|Any CPU
		{BD4CB537-EE9F-4A9C-AB20-AA07A84ADE81}.Release|Any CPU.Build.0 = Release|Any CPU
		{8F4AC0B2-E985-455B-8727-56B3A4FE2870}.Debug|Any CPU.ActiveCfg = Debug|Any CPU
		{8F4AC0B2-E985-455B-8727-56B3A4FE2870}.Debug|Any CPU.Build.0 = Debug|Any CPU
		{8F4AC0B2-E985-455B-8727-56B3A4FE2870}.Release|Any CPU.ActiveCfg = Release|Any CPU
		{8F4AC0B2-E985-455B-8727-56B3A4FE2870}.Release|Any CPU.Build.0 = Release|Any CPU
		{2BFACDC3-F44D-4199-8498-F5C3C4AC0335}.Debug|Any CPU.ActiveCfg = Debug|Any CPU
		{2BFACDC3-F44D-4199-8498-F5C3C4AC0335}.Debug|Any CPU.Build.0 = Debug|Any CPU
		{2BFACDC3-F44D-4199-8498-F5C3C4AC0335}.Release|Any CPU.ActiveCfg = Release|Any CPU
		{2BFACDC3-F44D-4199-8498-F5C3C4AC0335}.Release|Any CPU.Build.0 = Release|Any CPU
		{E461C0A8-8900-485C-B520-E929BA33F712}.Debug|Any CPU.ActiveCfg = Debug|Any CPU
		{E461C0A8-8900-485C-B520-E929BA33F712}.Debug|Any CPU.Build.0 = Debug|Any CPU
		{E461C0A8-8900-485C-B520-E929BA33F712}.Release|Any CPU.ActiveCfg = Release|Any CPU
		{E461C0A8-8900-485C-B520-E929BA33F712}.Release|Any CPU.Build.0 = Release|Any CPU
		{128B4726-5C95-4991-A0FA-FE255A324698}.Debug|Any CPU.ActiveCfg = Debug|Any CPU
		{128B4726-5C95-4991-A0FA-FE255A324698}.Debug|Any CPU.Build.0 = Debug|Any CPU
		{128B4726-5C95-4991-A0FA-FE255A324698}.Release|Any CPU.ActiveCfg = Release|Any CPU
		{128B4726-5C95-4991-A0FA-FE255A324698}.Release|Any CPU.Build.0 = Release|Any CPU
		{DAD1CD1D-4119-4EF4-A634-00B68CEF3D82}.Debug|Any CPU.ActiveCfg = Debug|Any CPU
		{DAD1CD1D-4119-4EF4-A634-00B68CEF3D82}.Debug|Any CPU.Build.0 = Debug|Any CPU
		{DAD1CD1D-4119-4EF4-A634-00B68CEF3D82}.Release|Any CPU.ActiveCfg = Release|Any CPU
		{DAD1CD1D-4119-4EF4-A634-00B68CEF3D82}.Release|Any CPU.Build.0 = Release|Any CPU
		{496EB70B-4097-4311-ABB8-ED60319AF646}.Debug|Any CPU.ActiveCfg = Debug|Any CPU
		{496EB70B-4097-4311-ABB8-ED60319AF646}.Debug|Any CPU.Build.0 = Debug|Any CPU
		{496EB70B-4097-4311-ABB8-ED60319AF646}.Release|Any CPU.ActiveCfg = Release|Any CPU
		{496EB70B-4097-4311-ABB8-ED60319AF646}.Release|Any CPU.Build.0 = Release|Any CPU
		{F2B4DCE3-245A-4DB4-8631-EFBBC9F43CF2}.Debug|Any CPU.ActiveCfg = Debug|Any CPU
		{F2B4DCE3-245A-4DB4-8631-EFBBC9F43CF2}.Debug|Any CPU.Build.0 = Debug|Any CPU
		{F2B4DCE3-245A-4DB4-8631-EFBBC9F43CF2}.Release|Any CPU.ActiveCfg = Release|Any CPU
		{F2B4DCE3-245A-4DB4-8631-EFBBC9F43CF2}.Release|Any CPU.Build.0 = Release|Any CPU
		{9B8F4AEF-A84A-46ED-B572-34F34D23416E}.Debug|Any CPU.ActiveCfg = Debug|Any CPU
		{9B8F4AEF-A84A-46ED-B572-34F34D23416E}.Debug|Any CPU.Build.0 = Debug|Any CPU
		{9B8F4AEF-A84A-46ED-B572-34F34D23416E}.Release|Any CPU.ActiveCfg = Release|Any CPU
		{9B8F4AEF-A84A-46ED-B572-34F34D23416E}.Release|Any CPU.Build.0 = Release|Any CPU
		{AEDEBAF3-DAC7-4DA4-B779-2DEA2D8FE11B}.Debug|Any CPU.ActiveCfg = Debug|Any CPU
		{AEDEBAF3-DAC7-4DA4-B779-2DEA2D8FE11B}.Debug|Any CPU.Build.0 = Debug|Any CPU
		{AEDEBAF3-DAC7-4DA4-B779-2DEA2D8FE11B}.Release|Any CPU.ActiveCfg = Release|Any CPU
		{AEDEBAF3-DAC7-4DA4-B779-2DEA2D8FE11B}.Release|Any CPU.Build.0 = Release|Any CPU
		{42064A48-61BA-48B1-BCBA-0625220DC958}.Debug|Any CPU.ActiveCfg = Debug|Any CPU
		{42064A48-61BA-48B1-BCBA-0625220DC958}.Debug|Any CPU.Build.0 = Debug|Any CPU
		{42064A48-61BA-48B1-BCBA-0625220DC958}.Release|Any CPU.ActiveCfg = Release|Any CPU
		{42064A48-61BA-48B1-BCBA-0625220DC958}.Release|Any CPU.Build.0 = Release|Any CPU
		{F086291B-4728-489B-BF45-220DED3DB983}.Debug|Any CPU.ActiveCfg = Debug|Any CPU
		{F086291B-4728-489B-BF45-220DED3DB983}.Debug|Any CPU.Build.0 = Debug|Any CPU
		{F086291B-4728-489B-BF45-220DED3DB983}.Release|Any CPU.ActiveCfg = Release|Any CPU
		{F086291B-4728-489B-BF45-220DED3DB983}.Release|Any CPU.Build.0 = Release|Any CPU
		{889DB3BC-ECDE-4DBD-A615-D19684922B17}.Debug|Any CPU.ActiveCfg = Debug|Any CPU
		{889DB3BC-ECDE-4DBD-A615-D19684922B17}.Debug|Any CPU.Build.0 = Debug|Any CPU
		{889DB3BC-ECDE-4DBD-A615-D19684922B17}.Release|Any CPU.ActiveCfg = Release|Any CPU
		{889DB3BC-ECDE-4DBD-A615-D19684922B17}.Release|Any CPU.Build.0 = Release|Any CPU
		{988AE53C-09B6-45C2-A40F-2A200E663F98}.Debug|Any CPU.ActiveCfg = Debug|Any CPU
		{988AE53C-09B6-45C2-A40F-2A200E663F98}.Debug|Any CPU.Build.0 = Debug|Any CPU
		{988AE53C-09B6-45C2-A40F-2A200E663F98}.Release|Any CPU.ActiveCfg = Release|Any CPU
		{988AE53C-09B6-45C2-A40F-2A200E663F98}.Release|Any CPU.Build.0 = Release|Any CPU
		{208A8A7A-1809-4893-B777-83CCCD5931CE}.Debug|Any CPU.ActiveCfg = Debug|Any CPU
		{208A8A7A-1809-4893-B777-83CCCD5931CE}.Debug|Any CPU.Build.0 = Debug|Any CPU
		{208A8A7A-1809-4893-B777-83CCCD5931CE}.Release|Any CPU.ActiveCfg = Release|Any CPU
		{208A8A7A-1809-4893-B777-83CCCD5931CE}.Release|Any CPU.Build.0 = Release|Any CPU
		{049082C5-F537-4F45-8E5C-08FE4EA69F86}.Debug|Any CPU.ActiveCfg = Debug|Any CPU
		{049082C5-F537-4F45-8E5C-08FE4EA69F86}.Debug|Any CPU.Build.0 = Debug|Any CPU
		{049082C5-F537-4F45-8E5C-08FE4EA69F86}.Release|Any CPU.ActiveCfg = Release|Any CPU
		{049082C5-F537-4F45-8E5C-08FE4EA69F86}.Release|Any CPU.Build.0 = Release|Any CPU
		{A8C763D5-B3D5-4684-B016-E888A48B111F}.Debug|Any CPU.ActiveCfg = Debug|Any CPU
		{A8C763D5-B3D5-4684-B016-E888A48B111F}.Debug|Any CPU.Build.0 = Debug|Any CPU
		{A8C763D5-B3D5-4684-B016-E888A48B111F}.Release|Any CPU.ActiveCfg = Release|Any CPU
		{A8C763D5-B3D5-4684-B016-E888A48B111F}.Release|Any CPU.Build.0 = Release|Any CPU
		{7C7590F9-924F-4DAC-ACAE-85F35192FAF2}.Debug|Any CPU.ActiveCfg = Debug|Any CPU
		{7C7590F9-924F-4DAC-ACAE-85F35192FAF2}.Debug|Any CPU.Build.0 = Debug|Any CPU
		{7C7590F9-924F-4DAC-ACAE-85F35192FAF2}.Release|Any CPU.ActiveCfg = Release|Any CPU
		{7C7590F9-924F-4DAC-ACAE-85F35192FAF2}.Release|Any CPU.Build.0 = Release|Any CPU
		{30A5D7D3-D6AE-4A6D-8A45-9C809292C68B}.Debug|Any CPU.ActiveCfg = Debug|Any CPU
		{30A5D7D3-D6AE-4A6D-8A45-9C809292C68B}.Debug|Any CPU.Build.0 = Debug|Any CPU
		{30A5D7D3-D6AE-4A6D-8A45-9C809292C68B}.Release|Any CPU.ActiveCfg = Release|Any CPU
		{30A5D7D3-D6AE-4A6D-8A45-9C809292C68B}.Release|Any CPU.Build.0 = Release|Any CPU
		{7520AC23-6A23-44EA-A6CC-874FB53C20E8}.Debug|Any CPU.ActiveCfg = Debug|Any CPU
		{7520AC23-6A23-44EA-A6CC-874FB53C20E8}.Debug|Any CPU.Build.0 = Debug|Any CPU
		{7520AC23-6A23-44EA-A6CC-874FB53C20E8}.Release|Any CPU.ActiveCfg = Release|Any CPU
		{7520AC23-6A23-44EA-A6CC-874FB53C20E8}.Release|Any CPU.Build.0 = Release|Any CPU
		{F3307CAC-2806-42D1-B4CF-E2FA1FC6B363}.Debug|Any CPU.ActiveCfg = Debug|Any CPU
		{F3307CAC-2806-42D1-B4CF-E2FA1FC6B363}.Debug|Any CPU.Build.0 = Debug|Any CPU
		{F3307CAC-2806-42D1-B4CF-E2FA1FC6B363}.Release|Any CPU.ActiveCfg = Release|Any CPU
		{F3307CAC-2806-42D1-B4CF-E2FA1FC6B363}.Release|Any CPU.Build.0 = Release|Any CPU
		{472EF5A3-8F80-4F93-93E7-287B1F9A279C}.Debug|Any CPU.ActiveCfg = Debug|Any CPU
		{472EF5A3-8F80-4F93-93E7-287B1F9A279C}.Debug|Any CPU.Build.0 = Debug|Any CPU
		{472EF5A3-8F80-4F93-93E7-287B1F9A279C}.Release|Any CPU.ActiveCfg = Release|Any CPU
		{472EF5A3-8F80-4F93-93E7-287B1F9A279C}.Release|Any CPU.Build.0 = Release|Any CPU
		{DF368864-E943-4CCA-BA03-7008FC665B38}.Debug|Any CPU.ActiveCfg = Debug|Any CPU
		{DF368864-E943-4CCA-BA03-7008FC665B38}.Debug|Any CPU.Build.0 = Debug|Any CPU
		{DF368864-E943-4CCA-BA03-7008FC665B38}.Release|Any CPU.ActiveCfg = Release|Any CPU
		{DF368864-E943-4CCA-BA03-7008FC665B38}.Release|Any CPU.Build.0 = Release|Any CPU
		{BCFF9F5C-0424-4640-9334-BD0C7417B850}.Debug|Any CPU.ActiveCfg = Debug|Any CPU
		{BCFF9F5C-0424-4640-9334-BD0C7417B850}.Debug|Any CPU.Build.0 = Debug|Any CPU
		{BCFF9F5C-0424-4640-9334-BD0C7417B850}.Release|Any CPU.ActiveCfg = Release|Any CPU
		{BCFF9F5C-0424-4640-9334-BD0C7417B850}.Release|Any CPU.Build.0 = Release|Any CPU
		{F7E5767E-62AD-497A-B6B1-64B882F9F212}.Debug|Any CPU.ActiveCfg = Debug|Any CPU
		{F7E5767E-62AD-497A-B6B1-64B882F9F212}.Debug|Any CPU.Build.0 = Debug|Any CPU
		{F7E5767E-62AD-497A-B6B1-64B882F9F212}.Release|Any CPU.ActiveCfg = Release|Any CPU
		{F7E5767E-62AD-497A-B6B1-64B882F9F212}.Release|Any CPU.Build.0 = Release|Any CPU
	EndGlobalSection
	GlobalSection(SolutionProperties) = preSolution
		HideSolutionNode = FALSE
	EndGlobalSection
	GlobalSection(NestedProjects) = preSolution
		{6C4772EC-606B-4F1A-8E61-208DB4F098A2} = {E3FAE5BF-7329-4A23-89B6-DDADF6B5742B}
		{ED41A8DE-15F6-44A7-995C-B94D1831EE21} = {E3FAE5BF-7329-4A23-89B6-DDADF6B5742B}
		{C47CD260-0F35-41F9-83BB-1E936218D2CC} = {E3FAE5BF-7329-4A23-89B6-DDADF6B5742B}
		{9973A3DF-487B-4022-AC85-E37FC509D8BA} = {E3FAE5BF-7329-4A23-89B6-DDADF6B5742B}
		{2DA93034-2C22-44E9-AC2A-8EF4AB66D3F6} = {E3FAE5BF-7329-4A23-89B6-DDADF6B5742B}
		{9D2916E1-C174-497C-8411-548677867D99} = {2EFD1F7D-9A55-419E-BD43-0CFBA05F5A4F}
		{7D2BBDB3-EC90-4343-9BF9-82D567391BB7} = {2EFD1F7D-9A55-419E-BD43-0CFBA05F5A4F}
		{8D1A881D-9202-482B-B4B4-259374ADCD49} = {2EFD1F7D-9A55-419E-BD43-0CFBA05F5A4F}
		{75AB8A7E-FDEB-47E9-B727-B93EF9E990A0} = {2EFD1F7D-9A55-419E-BD43-0CFBA05F5A4F}
		{29240FBF-E09F-42FC-BB29-75600A972D12} = {6C38FE5D-4623-4EC2-A5B4-844405FFC507}
		{7116FEF4-717F-4AB6-B1B7-F1B0AA96B701} = {6C38FE5D-4623-4EC2-A5B4-844405FFC507}
		{B75041A5-809C-408D-AD90-D971DA6BF5F7} = {BF53ABC5-8B73-4E4A-9181-871F8836A76B}
		{48204EEC-0CA2-454A-9F5E-3CBF65AECF61} = {BF53ABC5-8B73-4E4A-9181-871F8836A76B}
		{603DAF2F-FC33-4D92-B0CF-8A747A5CB8AE} = {BF53ABC5-8B73-4E4A-9181-871F8836A76B}
		{63227816-8616-42AC-8A2F-4930282F9FF0} = {BF53ABC5-8B73-4E4A-9181-871F8836A76B}
		{824C60DE-FCDF-436F-9D33-F16003D90DE7} = {630CBF7A-25BA-40A2-890E-EB9B9684A44D}
		{A9AFDBB1-B163-426D-AC7F-D4D28C44061F} = {630CBF7A-25BA-40A2-890E-EB9B9684A44D}
		{A58C04D1-4E32-499C-B926-1587F7953BA3} = {BD8153FF-35BC-44FE-B3AF-54DCF89DD6C3}
		{B94C4984-BEBE-428C-9592-885711A4312B} = {BD8153FF-35BC-44FE-B3AF-54DCF89DD6C3}
		{BD4CB537-EE9F-4A9C-AB20-AA07A84ADE81} = {BD8153FF-35BC-44FE-B3AF-54DCF89DD6C3}
		{8F4AC0B2-E985-455B-8727-56B3A4FE2870} = {BD8153FF-35BC-44FE-B3AF-54DCF89DD6C3}
		{2BFACDC3-F44D-4199-8498-F5C3C4AC0335} = {A735098B-73D6-4D8C-AA08-E99FE85D97AD}
		{E461C0A8-8900-485C-B520-E929BA33F712} = {A735098B-73D6-4D8C-AA08-E99FE85D97AD}
		{128B4726-5C95-4991-A0FA-FE255A324698} = {F539572B-A84A-4B86-BF5F-EC89D26E482F}
		{DAD1CD1D-4119-4EF4-A634-00B68CEF3D82} = {F539572B-A84A-4B86-BF5F-EC89D26E482F}
		{496EB70B-4097-4311-ABB8-ED60319AF646} = {F539572B-A84A-4B86-BF5F-EC89D26E482F}
		{F2B4DCE3-245A-4DB4-8631-EFBBC9F43CF2} = {E8717FBF-4763-4547-9C53-55C0C10C5486}
		{9B8F4AEF-A84A-46ED-B572-34F34D23416E} = {E8717FBF-4763-4547-9C53-55C0C10C5486}
		{AEDEBAF3-DAC7-4DA4-B779-2DEA2D8FE11B} = {E8717FBF-4763-4547-9C53-55C0C10C5486}
		{42064A48-61BA-48B1-BCBA-0625220DC958} = {E8717FBF-4763-4547-9C53-55C0C10C5486}
		{F086291B-4728-489B-BF45-220DED3DB983} = {A7D54EDF-AFC2-4DB5-9C50-4546BD0D204D}
		{889DB3BC-ECDE-4DBD-A615-D19684922B17} = {EDD016E4-8058-4223-9D15-627773A95529}
		{988AE53C-09B6-45C2-A40F-2A200E663F98} = {4A110A09-54E1-41F3-A95F-A35FFDE713AC}
		{1ABED492-7647-42F0-8A63-2FBA6F2F6BC3} = {4A110A09-54E1-41F3-A95F-A35FFDE713AC}
		{208A8A7A-1809-4893-B777-83CCCD5931CE} = {1ABED492-7647-42F0-8A63-2FBA6F2F6BC3}
		{049082C5-F537-4F45-8E5C-08FE4EA69F86} = {1ABED492-7647-42F0-8A63-2FBA6F2F6BC3}
		{A8C763D5-B3D5-4684-B016-E888A48B111F} = {4A110A09-54E1-41F3-A95F-A35FFDE713AC}
		{F61D57CA-2EA4-4E2B-B4DF-B54686FD8F71} = {4A110A09-54E1-41F3-A95F-A35FFDE713AC}
		{7C7590F9-924F-4DAC-ACAE-85F35192FAF2} = {F61D57CA-2EA4-4E2B-B4DF-B54686FD8F71}
		{30A5D7D3-D6AE-4A6D-8A45-9C809292C68B} = {E7084868-E622-4146-AD83-37B4669B6F44}
		{7520AC23-6A23-44EA-A6CC-874FB53C20E8} = {E7084868-E622-4146-AD83-37B4669B6F44}
		{F3307CAC-2806-42D1-B4CF-E2FA1FC6B363} = {C618E771-F66C-4A4F-9275-0EFE2474D43E}
		{472EF5A3-8F80-4F93-93E7-287B1F9A279C} = {0A5F63EC-99A2-44DC-888B-1ECE1208E8C6}
		{DF368864-E943-4CCA-BA03-7008FC665B38} = {0A5F63EC-99A2-44DC-888B-1ECE1208E8C6}
		{BCFF9F5C-0424-4640-9334-BD0C7417B850} = {E8C8DE2F-134E-450D-B69A-0751C94FB4E2}
		{F7E5767E-62AD-497A-B6B1-64B882F9F212} = {E8C8DE2F-134E-450D-B69A-0751C94FB4E2}
	EndGlobalSection
	GlobalSection(ExtensibilityGlobals) = postSolution
		SolutionGuid = {4BECCF9E-7BC8-4027-B248-BA2A13900522}
	EndGlobalSection
EndGlobal
