
Microsoft Visual Studio Solution File, Format Version 12.00
# Visual Studio Version 16
VisualStudioVersion = 16.0.32228.343
MinimumVisualStudioVersion = 10.0.40219.1
Project("{2150E333-8FDC-42A3-9474-1A3956D46DE8}") = "Chapter02", "Chapter02", "{E3FAE5BF-7329-4A23-89B6-DDADF6B5742B}"
EndProject
Project("{FAE04EC0-301F-11D3-BF4B-00C04F79EFBC}") = "DistanceConverter", "Chapter02\DistanceConverter\DistanceConverter.csproj", "{6C4772EC-606B-4F1A-8E61-208DB4F098A2}"
EndProject
Project("{FAE04EC0-301F-11D3-BF4B-00C04F79EFBC}") = "SalesCalculator", "Chapter02\SalesCalculator\SalesCalculator.csproj", "{ED41A8DE-15F6-44A7-995C-B94D1831EE21}"
EndProject
Global
	GlobalSection(SolutionConfigurationPlatforms) = preSolution
		Debug|Any CPU = Debug|Any CPU
		Release|Any CPU = Release|Any CPU
	EndGlobalSection
	GlobalSection(ProjectConfigurationPlatforms) = postSolution
		{6C4772EC-606B-4F1A-8E61-208DB4F098A2}.Debug|Any CPU.ActiveCfg = Debug|Any CPU
		{6C4772EC-606B-4F1A-8E61-208DB4F098A2}.Debug|Any CPU.Build.0 = Debug|Any CPU
		{6C4772EC-606B-4F1A-8E61-208DB4F098A2}.Release|Any CPU.ActiveCfg = Release|Any CPU
		{6C4772EC-606B-4F1A-8E61-208DB4F098A2}.Release|Any CPU.Build.0 = Release|Any CPU
		{ED41A8DE-15F6-44A7-995C-B94D1831EE21}.Debug|Any CPU.ActiveCfg = Debug|Any CPU
		{ED41A8DE-15F6-44A7-995C-B94D1831EE21}.Debug|Any CPU.Build.0 = Debug|Any CPU
		{ED41A8DE-15F6-44A7-995C-B94D1831EE21}.Release|Any CPU.ActiveCfg = Release|Any CPU
		{ED41A8DE-15F6-44A7-995C-B94D1831EE21}.Release|Any CPU.Build.0 = Release|Any CPU
	EndGlobalSection
	GlobalSection(SolutionProperties) = preSolution
		HideSolutionNode = FALSE
	EndGlobalSection
	GlobalSection(NestedProjects) = preSolution
		{6C4772EC-606B-4F1A-8E61-208DB4F098A2} = {E3FAE5BF-7329-4A23-89B6-DDADF6B5742B}
		{ED41A8DE-15F6-44A7-995C-B94D1831EE21} = {E3FAE5BF-7329-4A23-89B6-DDADF6B5742B}
	EndGlobalSection
	GlobalSection(ExtensibilityGlobals) = postSolution
		SolutionGuid = {4BECCF9E-7BC8-4027-B248-BA2A13900522}
	EndGlobalSection
EndGlobal
